// !$*UTF8*$!
{
	archiveVersion = 1;
	classes = {
	};
	objectVersion = 77;
	objects = {

/* Begin PBXBuildFile section */
		02A079C31FC167370FADBC28 /* TonightPlanner.swift in Sources */ = {isa = PBXBuildFile; fileRef = 9A2B90B9C1FE487D83C4B458 /* TonightPlanner.swift */; };
		0337B530741E4DCA55044894 /* Platform.swift in Sources */ = {isa = PBXBuildFile; fileRef = 8557BBCC102D40F97DE2A3B6 /* Platform.swift */; };
		03BE31124B066018B5CCDBC3 /* SkyMapTests.swift in Sources */ = {isa = PBXBuildFile; fileRef = F5F0C3A00411E265EE8359D0 /* SkyMapTests.swift */; };
		06A0C3B4FCEED4AA5DDEA5EC /* Theme.swift in Sources */ = {isa = PBXBuildFile; fileRef = B30ABAA3175E3553C4F24D81 /* Theme.swift */; };
		09A4BA6FAE6842BB9A8BDE83 /* TrafficLogFile.swift in Sources */ = {isa = PBXBuildFile; fileRef = 05FB8B35EDCE7F5A1336E40B /* TrafficLogFile.swift */; };
		1097F61BAD7590B6D92925E8 /* MonitorModel.swift in Sources */ = {isa = PBXBuildFile; fileRef = C8C89A4896E97BA3F3D9DCA6 /* MonitorModel.swift */; };
		12335F93DD3F1410C5970126 /* NexStarSimulator in Frameworks */ = {isa = PBXBuildFile; productRef = 40C9FE93024BC8A50F5A1BC8 /* NexStarSimulator */; };
		25C274E91104C842D0313E2C /* Assets.xcassets in Resources */ = {isa = PBXBuildFile; fileRef = 37EC60E8C1FE19414C83FF1E /* Assets.xcassets */; };
		2606C0F261832E173B512903 /* ContentView.swift in Sources */ = {isa = PBXBuildFile; fileRef = 565860273E3FEF44D5F82627 /* ContentView.swift */; };
		2E6A64B9D804D81D84B036AE /* CameraCard.swift in Sources */ = {isa = PBXBuildFile; fileRef = AB94DEFEBA908068B100AAEA /* CameraCard.swift */; };
		346ACD6AE50D13CBCEDB8AF7 /* Cards.swift in Sources */ = {isa = PBXBuildFile; fileRef = 163291358AE3B6DDE5305D37 /* Cards.swift */; };
		34B22E4B8730A1B548C5A21D /* TonightTests.swift in Sources */ = {isa = PBXBuildFile; fileRef = 39D9C3EA0992169ECD9ECBE6 /* TonightTests.swift */; };
		3521D34C16B25F945DD0C8BB /* Theme.swift in Sources */ = {isa = PBXBuildFile; fileRef = B30ABAA3175E3553C4F24D81 /* Theme.swift */; };
		3B2CDF2D650179160C414B01 /* CameraPreview.swift in Sources */ = {isa = PBXBuildFile; fileRef = 720036D9D1CAF4C243CF0687 /* CameraPreview.swift */; };
		3CE6A262AAE94A576AE087D7 /* LocationModel.swift in Sources */ = {isa = PBXBuildFile; fileRef = C70E7089604AA8EE5FD2BAE5 /* LocationModel.swift */; };
		4155614AD3B3DE4F44242BAF /* MonitorModel.swift in Sources */ = {isa = PBXBuildFile; fileRef = C8C89A4896E97BA3F3D9DCA6 /* MonitorModel.swift */; };
		415B822B602B23146AFEB5FB /* Features.plist in Resources */ = {isa = PBXBuildFile; fileRef = 079592A93F2302B3A77C1A20 /* Features.plist */; };
		4BE28461D35F9AA8BFAD52A4 /* ScopeKit in Frameworks */ = {isa = PBXBuildFile; productRef = 3196804302A09DD9BA01E8B7 /* ScopeKit */; };
		4D0425C6B0AFD82E48B0994E /* TonightCard.swift in Sources */ = {isa = PBXBuildFile; fileRef = E01DFCAF8C8F2DE81B8E8F8A /* TonightCard.swift */; };
		510063DC6F305C432A1A8DB8 /* TrafficLogFile.swift in Sources */ = {isa = PBXBuildFile; fileRef = 05FB8B35EDCE7F5A1336E40B /* TrafficLogFile.swift */; };
		58645CC47A6A92580D3C8830 /* ScopeOSApp.swift in Sources */ = {isa = PBXBuildFile; fileRef = 9DDE294B68D6001B04290F78 /* ScopeOSApp.swift */; };
		5C7EB2FB2B223D6AC1512906 /* FocusCard.swift in Sources */ = {isa = PBXBuildFile; fileRef = 78E192FA5AF1210039E82C12 /* FocusCard.swift */; };
		65376CD1BECED1EB719CF7D4 /* TonightCard.swift in Sources */ = {isa = PBXBuildFile; fileRef = E01DFCAF8C8F2DE81B8E8F8A /* TonightCard.swift */; };
		654D6CFC7A7DD5302CBD5C61 /* ScopeKit in Frameworks */ = {isa = PBXBuildFile; productRef = 677F48065488F4B191BF711C /* ScopeKit */; };
		6B2BA8CC923D581AD2B975F1 /* ScopeKit in Frameworks */ = {isa = PBXBuildFile; productRef = 95FA58D34CACD67AE9785126 /* ScopeKit */; };
		7133AD04279BA61B9863DAFB /* CameraPreview.swift in Sources */ = {isa = PBXBuildFile; fileRef = 720036D9D1CAF4C243CF0687 /* CameraPreview.swift */; };
		71EC58F48DDA5757E5D07807 /* SnapshotTests.swift in Sources */ = {isa = PBXBuildFile; fileRef = 5C5F43972A5A1BCD8099BC78 /* SnapshotTests.swift */; };
		75FBB5354DBE0EF5D08A18B2 /* Features.plist in Resources */ = {isa = PBXBuildFile; fileRef = 079592A93F2302B3A77C1A20 /* Features.plist */; };
		79E57933A56B26B0962AB327 /* ScopeCapture in Frameworks */ = {isa = PBXBuildFile; productRef = C0E76250125FBBE8DAAA0071 /* ScopeCapture */; };
		815E1799582207A0262A3D82 /* Assistant.swift in Sources */ = {isa = PBXBuildFile; fileRef = 279BFE345B1FEACA3F318048 /* Assistant.swift */; };
		88E7A8D3C99879713D7713EC /* TonightPlanner.swift in Sources */ = {isa = PBXBuildFile; fileRef = 9A2B90B9C1FE487D83C4B458 /* TonightPlanner.swift */; };
		8976FEF224F1AA67988188AC /* Theme.swift in Sources */ = {isa = PBXBuildFile; fileRef = B30ABAA3175E3553C4F24D81 /* Theme.swift */; };
		918329A2A96E54F6F6D34EFF /* Cards.swift in Sources */ = {isa = PBXBuildFile; fileRef = 163291358AE3B6DDE5305D37 /* Cards.swift */; };
		935016CB2003D71BC6FE8EE7 /* Platform.swift in Sources */ = {isa = PBXBuildFile; fileRef = 8557BBCC102D40F97DE2A3B6 /* Platform.swift */; };
		94E506EF9C3F113114D31F85 /* SkyMap.swift in Sources */ = {isa = PBXBuildFile; fileRef = 82A9D7A956D9399A2F78DF40 /* SkyMap.swift */; };
		95230455AC492CE27B412330 /* CameraModel.swift in Sources */ = {isa = PBXBuildFile; fileRef = A873763520B45A6F2D418A8A /* CameraModel.swift */; };
		9640712D83EC1FE22C4551F1 /* Platform.swift in Sources */ = {isa = PBXBuildFile; fileRef = 8557BBCC102D40F97DE2A3B6 /* Platform.swift */; };
		A194A64DA923D47CA2F4FCC5 /* ScopeOSApp.swift in Sources */ = {isa = PBXBuildFile; fileRef = 51C6C6C15219D6F788B159FE /* ScopeOSApp.swift */; };
		A68DC5968ACDDDE2E00BEC68 /* Assistant.swift in Sources */ = {isa = PBXBuildFile; fileRef = 279BFE345B1FEACA3F318048 /* Assistant.swift */; };
		AC1A60C6F8A86D0DE26787B3 /* ContentView.swift in Sources */ = {isa = PBXBuildFile; fileRef = 565860273E3FEF44D5F82627 /* ContentView.swift */; };
		AFFB6C600AAEBBC3DBFF6EC0 /* SkyMap.swift in Sources */ = {isa = PBXBuildFile; fileRef = 82A9D7A956D9399A2F78DF40 /* SkyMap.swift */; };
		B3CEFB3CD2737738CBDF7EAB /* LocationModel.swift in Sources */ = {isa = PBXBuildFile; fileRef = C70E7089604AA8EE5FD2BAE5 /* LocationModel.swift */; };
		B536BA3CA91BADCAA3081A16 /* InstrumentTapes.swift in Sources */ = {isa = PBXBuildFile; fileRef = 12ADF93B443ADF3E94F6E055 /* InstrumentTapes.swift */; };
		B5520ED81E7D82FBEE4C4673 /* FocusCard.swift in Sources */ = {isa = PBXBuildFile; fileRef = 78E192FA5AF1210039E82C12 /* FocusCard.swift */; };
		B813CA74B5E4765954F1F730 /* NexStarSimulator in Frameworks */ = {isa = PBXBuildFile; productRef = 8FFBED25AE447DA70771E4E2 /* NexStarSimulator */; };
		B96F0695E5D3A76B76E03874 /* Assets.xcassets in Resources */ = {isa = PBXBuildFile; fileRef = 37EC60E8C1FE19414C83FF1E /* Assets.xcassets */; };
		BADE7E0C182821724674EE67 /* CameraPreview.swift in Sources */ = {isa = PBXBuildFile; fileRef = 45D49FD8E55E9AB4FCB7CB00 /* CameraPreview.swift */; };
		BB005BAA44376A82122033B0 /* Assistant.swift in Sources */ = {isa = PBXBuildFile; fileRef = 279BFE345B1FEACA3F318048 /* Assistant.swift */; };
		BD4826D81C02C4CE393DF4E7 /* ScopeCapture in Frameworks */ = {isa = PBXBuildFile; productRef = D19B85455CEB68DBE7448BDF /* ScopeCapture */; };
		BE99E3D486C471F961F8FA52 /* LocationModel.swift in Sources */ = {isa = PBXBuildFile; fileRef = C70E7089604AA8EE5FD2BAE5 /* LocationModel.swift */; };
		BFB162188C24D39E8A3A601D /* Cards.swift in Sources */ = {isa = PBXBuildFile; fileRef = 163291358AE3B6DDE5305D37 /* Cards.swift */; };
		C01252605EFD302CE42C8A50 /* NexStarSimulator in Frameworks */ = {isa = PBXBuildFile; productRef = F0538FD6028C79E94B235CDB /* NexStarSimulator */; };
		C15C39E9CB48D1C503698498 /* CameraCard.swift in Sources */ = {isa = PBXBuildFile; fileRef = AB94DEFEBA908068B100AAEA /* CameraCard.swift */; };
		C2F373CBF8A1654B2F5A556F /* CameraCard.swift in Sources */ = {isa = PBXBuildFile; fileRef = AB94DEFEBA908068B100AAEA /* CameraCard.swift */; };
		C5996A2BDBCD93F2E4BBD684 /* InstrumentTapes.swift in Sources */ = {isa = PBXBuildFile; fileRef = 12ADF93B443ADF3E94F6E055 /* InstrumentTapes.swift */; };
		C7472D8809E2035F770D3E30 /* MonitorModelTests.swift in Sources */ = {isa = PBXBuildFile; fileRef = 289D54D7269DF3E775C7797E /* MonitorModelTests.swift */; };
		CC3DFDC34DF110CFFD875559 /* BuildMode.swift in Sources */ = {isa = PBXBuildFile; fileRef = CF3C4E74C8DBE15E3482A114 /* BuildMode.swift */; };
		D954DF709AF3F99AB7915FD6 /* BuildMode.swift in Sources */ = {isa = PBXBuildFile; fileRef = CF3C4E74C8DBE15E3482A114 /* BuildMode.swift */; };
		DBB37730E366F25A30619F57 /* TrafficLogFile.swift in Sources */ = {isa = PBXBuildFile; fileRef = 05FB8B35EDCE7F5A1336E40B /* TrafficLogFile.swift */; };
		E1869C0C3F522858FE5733D7 /* NightVisionTests.swift in Sources */ = {isa = PBXBuildFile; fileRef = 021C8BF5DB2C4EAE1BECCBE2 /* NightVisionTests.swift */; };
		E1E1DE7E50BF53AF14270790 /* SkyMap.swift in Sources */ = {isa = PBXBuildFile; fileRef = 82A9D7A956D9399A2F78DF40 /* SkyMap.swift */; };
		E43126B818E8F8C51323E69F /* InstrumentTapes.swift in Sources */ = {isa = PBXBuildFile; fileRef = 12ADF93B443ADF3E94F6E055 /* InstrumentTapes.swift */; };
		E80A3AE8780958F01E0AD01D /* ScopeCapture in Frameworks */ = {isa = PBXBuildFile; productRef = 26829DCCC075BB4539AB4DD8 /* ScopeCapture */; };
		E80A5C72788153B93474E0E2 /* ContentView.swift in Sources */ = {isa = PBXBuildFile; fileRef = 565860273E3FEF44D5F82627 /* ContentView.swift */; };
		EB8CE0DA4D292CA3AEDD331F /* BuildMode.swift in Sources */ = {isa = PBXBuildFile; fileRef = CF3C4E74C8DBE15E3482A114 /* BuildMode.swift */; };
		EC3B2B56AB1EA64821790A04 /* FocusCard.swift in Sources */ = {isa = PBXBuildFile; fileRef = 78E192FA5AF1210039E82C12 /* FocusCard.swift */; };
		EE6559C66D96013134185AB4 /* Features.plist in Resources */ = {isa = PBXBuildFile; fileRef = 079592A93F2302B3A77C1A20 /* Features.plist */; };
		F033D50282722920F60AE33A /* CameraModel.swift in Sources */ = {isa = PBXBuildFile; fileRef = A873763520B45A6F2D418A8A /* CameraModel.swift */; };
		F094269050D4F17C1A59B4AA /* MonitorModel.swift in Sources */ = {isa = PBXBuildFile; fileRef = C8C89A4896E97BA3F3D9DCA6 /* MonitorModel.swift */; };
		F1120607C2252B55582C80C8 /* TonightCard.swift in Sources */ = {isa = PBXBuildFile; fileRef = E01DFCAF8C8F2DE81B8E8F8A /* TonightCard.swift */; };
		F3248B78130529DC2A9EE77F /* CameraModel.swift in Sources */ = {isa = PBXBuildFile; fileRef = A873763520B45A6F2D418A8A /* CameraModel.swift */; };
		F86453C179EEBC1A41C9A080 /* TonightPlanner.swift in Sources */ = {isa = PBXBuildFile; fileRef = 9A2B90B9C1FE487D83C4B458 /* TonightPlanner.swift */; };
/* End PBXBuildFile section */

/* Begin PBXFileReference section */
		021C8BF5DB2C4EAE1BECCBE2 /* NightVisionTests.swift */ = {isa = PBXFileReference; lastKnownFileType = sourcecode.swift; path = NightVisionTests.swift; sourceTree = "<group>"; };
		05FB8B35EDCE7F5A1336E40B /* TrafficLogFile.swift */ = {isa = PBXFileReference; lastKnownFileType = sourcecode.swift; path = TrafficLogFile.swift; sourceTree = "<group>"; };
		079592A93F2302B3A77C1A20 /* Features.plist */ = {isa = PBXFileReference; lastKnownFileType = text.plist; path = Features.plist; sourceTree = "<group>"; };
		0D6977516F72DB966EAEA98E /* ScopeKit */ = {isa = PBXFileReference; lastKnownFileType = folder; name = ScopeKit; path = Packages/ScopeKit; sourceTree = SOURCE_ROOT; };
		12ADF93B443ADF3E94F6E055 /* InstrumentTapes.swift */ = {isa = PBXFileReference; lastKnownFileType = sourcecode.swift; path = InstrumentTapes.swift; sourceTree = "<group>"; };
		163291358AE3B6DDE5305D37 /* Cards.swift */ = {isa = PBXFileReference; lastKnownFileType = sourcecode.swift; path = Cards.swift; sourceTree = "<group>"; };
		279BFE345B1FEACA3F318048 /* Assistant.swift */ = {isa = PBXFileReference; lastKnownFileType = sourcecode.swift; path = Assistant.swift; sourceTree = "<group>"; };
		289D54D7269DF3E775C7797E /* MonitorModelTests.swift */ = {isa = PBXFileReference; lastKnownFileType = sourcecode.swift; path = MonitorModelTests.swift; sourceTree = "<group>"; };
		37EC60E8C1FE19414C83FF1E /* Assets.xcassets */ = {isa = PBXFileReference; lastKnownFileType = folder.assetcatalog; path = Assets.xcassets; sourceTree = "<group>"; };
		39D9C3EA0992169ECD9ECBE6 /* TonightTests.swift */ = {isa = PBXFileReference; lastKnownFileType = sourcecode.swift; path = TonightTests.swift; sourceTree = "<group>"; };
		45D49FD8E55E9AB4FCB7CB00 /* CameraPreview.swift */ = {isa = PBXFileReference; lastKnownFileType = sourcecode.swift; path = CameraPreview.swift; sourceTree = "<group>"; };
		51C6C6C15219D6F788B159FE /* ScopeOSApp.swift */ = {isa = PBXFileReference; lastKnownFileType = sourcecode.swift; path = ScopeOSApp.swift; sourceTree = "<group>"; };
		55E40567E709BABAA76D964E /* ScopeOS.app */ = {isa = PBXFileReference; explicitFileType = wrapper.application; includeInIndex = 0; path = ScopeOS.app; sourceTree = BUILT_PRODUCTS_DIR; };
		565860273E3FEF44D5F82627 /* ContentView.swift */ = {isa = PBXFileReference; lastKnownFileType = sourcecode.swift; path = ContentView.swift; sourceTree = "<group>"; };
		5C5F43972A5A1BCD8099BC78 /* SnapshotTests.swift */ = {isa = PBXFileReference; lastKnownFileType = sourcecode.swift; path = SnapshotTests.swift; sourceTree = "<group>"; };
		720036D9D1CAF4C243CF0687 /* CameraPreview.swift */ = {isa = PBXFileReference; lastKnownFileType = sourcecode.swift; path = CameraPreview.swift; sourceTree = "<group>"; };
		78E192FA5AF1210039E82C12 /* FocusCard.swift */ = {isa = PBXFileReference; lastKnownFileType = sourcecode.swift; path = FocusCard.swift; sourceTree = "<group>"; };
		82A9D7A956D9399A2F78DF40 /* SkyMap.swift */ = {isa = PBXFileReference; lastKnownFileType = sourcecode.swift; path = SkyMap.swift; sourceTree = "<group>"; };
		8557BBCC102D40F97DE2A3B6 /* Platform.swift */ = {isa = PBXFileReference; lastKnownFileType = sourcecode.swift; path = Platform.swift; sourceTree = "<group>"; };
		9A2B90B9C1FE487D83C4B458 /* TonightPlanner.swift */ = {isa = PBXFileReference; lastKnownFileType = sourcecode.swift; path = TonightPlanner.swift; sourceTree = "<group>"; };
		9DDE294B68D6001B04290F78 /* ScopeOSApp.swift */ = {isa = PBXFileReference; lastKnownFileType = sourcecode.swift; path = ScopeOSApp.swift; sourceTree = "<group>"; };
		A3486271D808CF46F47B5FED /* ScopeOSTests.xctest */ = {isa = PBXFileReference; explicitFileType = wrapper.cfbundle; includeInIndex = 0; path = ScopeOSTests.xctest; sourceTree = BUILT_PRODUCTS_DIR; };
		A3CF139BB9FFBB121C247422 /* ScopeOS.entitlements */ = {isa = PBXFileReference; lastKnownFileType = text.plist.entitlements; path = ScopeOS.entitlements; sourceTree = "<group>"; };
		A873763520B45A6F2D418A8A /* CameraModel.swift */ = {isa = PBXFileReference; lastKnownFileType = sourcecode.swift; path = CameraModel.swift; sourceTree = "<group>"; };
		AB94DEFEBA908068B100AAEA /* CameraCard.swift */ = {isa = PBXFileReference; lastKnownFileType = sourcecode.swift; path = CameraCard.swift; sourceTree = "<group>"; };
		B30ABAA3175E3553C4F24D81 /* Theme.swift */ = {isa = PBXFileReference; lastKnownFileType = sourcecode.swift; path = Theme.swift; sourceTree = "<group>"; };
		C70E7089604AA8EE5FD2BAE5 /* LocationModel.swift */ = {isa = PBXFileReference; lastKnownFileType = sourcecode.swift; path = LocationModel.swift; sourceTree = "<group>"; };
		C8C89A4896E97BA3F3D9DCA6 /* MonitorModel.swift */ = {isa = PBXFileReference; lastKnownFileType = sourcecode.swift; path = MonitorModel.swift; sourceTree = "<group>"; };
		CB647A434829D5EA2C6FED3D /* ScopeOS-iOS.app */ = {isa = PBXFileReference; includeInIndex = 0; lastKnownFileType = wrapper.application; path = "ScopeOS-iOS.app"; sourceTree = BUILT_PRODUCTS_DIR; };
		CF3C4E74C8DBE15E3482A114 /* BuildMode.swift */ = {isa = PBXFileReference; lastKnownFileType = sourcecode.swift; path = BuildMode.swift; sourceTree = "<group>"; };
		E01DFCAF8C8F2DE81B8E8F8A /* TonightCard.swift */ = {isa = PBXFileReference; lastKnownFileType = sourcecode.swift; path = TonightCard.swift; sourceTree = "<group>"; };
		F5F0C3A00411E265EE8359D0 /* SkyMapTests.swift */ = {isa = PBXFileReference; lastKnownFileType = sourcecode.swift; path = SkyMapTests.swift; sourceTree = "<group>"; };
/* End PBXFileReference section */

/* Begin PBXFrameworksBuildPhase section */
		4D32D7DA9718E66F7ABFE8D3 /* Frameworks */ = {
			isa = PBXFrameworksBuildPhase;
			buildActionMask = 2147483647;
			files = (
				4BE28461D35F9AA8BFAD52A4 /* ScopeKit in Frameworks */,
				12335F93DD3F1410C5970126 /* NexStarSimulator in Frameworks */,
				E80A3AE8780958F01E0AD01D /* ScopeCapture in Frameworks */,
			);
			runOnlyForDeploymentPostprocessing = 0;
		};
		819ABF374BF262E76D3F0B65 /* Frameworks */ = {
			isa = PBXFrameworksBuildPhase;
			buildActionMask = 2147483647;
			files = (
				654D6CFC7A7DD5302CBD5C61 /* ScopeKit in Frameworks */,
				C01252605EFD302CE42C8A50 /* NexStarSimulator in Frameworks */,
				BD4826D81C02C4CE393DF4E7 /* ScopeCapture in Frameworks */,
			);
			runOnlyForDeploymentPostprocessing = 0;
		};
		CF96297C1E52912334EE96E0 /* Frameworks */ = {
			isa = PBXFrameworksBuildPhase;
			buildActionMask = 2147483647;
			files = (
				6B2BA8CC923D581AD2B975F1 /* ScopeKit in Frameworks */,
				B813CA74B5E4765954F1F730 /* NexStarSimulator in Frameworks */,
				79E57933A56B26B0962AB327 /* ScopeCapture in Frameworks */,
			);
			runOnlyForDeploymentPostprocessing = 0;
		};
/* End PBXFrameworksBuildPhase section */

/* Begin PBXGroup section */
		07B042B71BACF5F351844A31 /* iOS */ = {
			isa = PBXGroup;
			children = (
				45D49FD8E55E9AB4FCB7CB00 /* CameraPreview.swift */,
				9DDE294B68D6001B04290F78 /* ScopeOSApp.swift */,
			);
			path = iOS;
			sourceTree = "<group>";
		};
		2AB34D06169099A1E20343B1 /* Products */ = {
			isa = PBXGroup;
			children = (
				CB647A434829D5EA2C6FED3D /* ScopeOS-iOS.app */,
				55E40567E709BABAA76D964E /* ScopeOS.app */,
				A3486271D808CF46F47B5FED /* ScopeOSTests.xctest */,
			);
			name = Products;
			sourceTree = "<group>";
		};
		41747FEE045F74047BF377CB /* Packages */ = {
			isa = PBXGroup;
			children = (
				0D6977516F72DB966EAEA98E /* ScopeKit */,
			);
			path = Packages;
			sourceTree = "<group>";
		};
		48C8F5D4FE781FED69451B77 /* App */ = {
			isa = PBXGroup;
			children = (
				37EC60E8C1FE19414C83FF1E /* Assets.xcassets */,
				279BFE345B1FEACA3F318048 /* Assistant.swift */,
				CF3C4E74C8DBE15E3482A114 /* BuildMode.swift */,
				AB94DEFEBA908068B100AAEA /* CameraCard.swift */,
				A873763520B45A6F2D418A8A /* CameraModel.swift */,
				163291358AE3B6DDE5305D37 /* Cards.swift */,
				565860273E3FEF44D5F82627 /* ContentView.swift */,
				079592A93F2302B3A77C1A20 /* Features.plist */,
				78E192FA5AF1210039E82C12 /* FocusCard.swift */,
				12ADF93B443ADF3E94F6E055 /* InstrumentTapes.swift */,
				C70E7089604AA8EE5FD2BAE5 /* LocationModel.swift */,
				C8C89A4896E97BA3F3D9DCA6 /* MonitorModel.swift */,
				8557BBCC102D40F97DE2A3B6 /* Platform.swift */,
				A3CF139BB9FFBB121C247422 /* ScopeOS.entitlements */,
				82A9D7A956D9399A2F78DF40 /* SkyMap.swift */,
				B30ABAA3175E3553C4F24D81 /* Theme.swift */,
				E01DFCAF8C8F2DE81B8E8F8A /* TonightCard.swift */,
				9A2B90B9C1FE487D83C4B458 /* TonightPlanner.swift */,
				05FB8B35EDCE7F5A1336E40B /* TrafficLogFile.swift */,
				07B042B71BACF5F351844A31 /* iOS */,
				9B784F15F2B1A45AB2ADF366 /* macOS */,
			);
			path = App;
			sourceTree = "<group>";
		};
		9B784F15F2B1A45AB2ADF366 /* macOS */ = {
			isa = PBXGroup;
			children = (
				720036D9D1CAF4C243CF0687 /* CameraPreview.swift */,
				51C6C6C15219D6F788B159FE /* ScopeOSApp.swift */,
			);
			path = macOS;
			sourceTree = "<group>";
		};
		B3726D83BE8825BB3CEA1BEF /* AppTests */ = {
			isa = PBXGroup;
			children = (
				289D54D7269DF3E775C7797E /* MonitorModelTests.swift */,
				021C8BF5DB2C4EAE1BECCBE2 /* NightVisionTests.swift */,
				F5F0C3A00411E265EE8359D0 /* SkyMapTests.swift */,
				5C5F43972A5A1BCD8099BC78 /* SnapshotTests.swift */,
				39D9C3EA0992169ECD9ECBE6 /* TonightTests.swift */,
			);
			path = AppTests;
			sourceTree = "<group>";
		};
		F8B738AAC5D8E1BC4311EEE0 = {
			isa = PBXGroup;
			children = (
				48C8F5D4FE781FED69451B77 /* App */,
				B3726D83BE8825BB3CEA1BEF /* AppTests */,
				41747FEE045F74047BF377CB /* Packages */,
				2AB34D06169099A1E20343B1 /* Products */,
			);
			sourceTree = "<group>";
		};
/* End PBXGroup section */

/* Begin PBXNativeTarget section */
		6529BBD975E0FF3051E68513 /* ScopeOS-iOS */ = {
			isa = PBXNativeTarget;
			buildConfigurationList = 85A8CF407D31D670456030E9 /* Build configuration list for PBXNativeTarget "ScopeOS-iOS" */;
			buildPhases = (
				490910684D3F2486DF12EFEE /* Sources */,
				04412D13D0F526FE1A977369 /* Resources */,
				CF96297C1E52912334EE96E0 /* Frameworks */,
			);
			buildRules = (
			);
			dependencies = (
			);
			name = "ScopeOS-iOS";
			packageProductDependencies = (
				95FA58D34CACD67AE9785126 /* ScopeKit */,
				8FFBED25AE447DA70771E4E2 /* NexStarSimulator */,
				C0E76250125FBBE8DAAA0071 /* ScopeCapture */,
			);
			productName = "ScopeOS-iOS";
			productReference = CB647A434829D5EA2C6FED3D /* ScopeOS-iOS.app */;
			productType = "com.apple.product-type.application";
		};
		67F3915DD10EAD6D2625A451 /* ScopeOSTests */ = {
			isa = PBXNativeTarget;
			buildConfigurationList = 3CC9C52FD5AD619819E4F028 /* Build configuration list for PBXNativeTarget "ScopeOSTests" */;
			buildPhases = (
				0D2971F4025A82AE8F51AE1F /* Sources */,
				2BFD033B414E490CCB31E393 /* Resources */,
				4D32D7DA9718E66F7ABFE8D3 /* Frameworks */,
			);
			buildRules = (
			);
			dependencies = (
			);
			name = ScopeOSTests;
			packageProductDependencies = (
				3196804302A09DD9BA01E8B7 /* ScopeKit */,
				40C9FE93024BC8A50F5A1BC8 /* NexStarSimulator */,
				26829DCCC075BB4539AB4DD8 /* ScopeCapture */,
			);
			productName = ScopeOSTests;
			productReference = A3486271D808CF46F47B5FED /* ScopeOSTests.xctest */;
			productType = "com.apple.product-type.bundle.unit-test";
		};
		B76ABF0B1588F2AE9EBEB48A /* ScopeOS */ = {
			isa = PBXNativeTarget;
			buildConfigurationList = 7BD88F997BC88EF1EF63DD0B /* Build configuration list for PBXNativeTarget "ScopeOS" */;
			buildPhases = (
				1A3782F3E83162599432E6E2 /* Sources */,
				13DEA2EB659E49F8D614FC1E /* Resources */,
				819ABF374BF262E76D3F0B65 /* Frameworks */,
			);
			buildRules = (
			);
			dependencies = (
			);
			name = ScopeOS;
			packageProductDependencies = (
				677F48065488F4B191BF711C /* ScopeKit */,
				F0538FD6028C79E94B235CDB /* NexStarSimulator */,
				D19B85455CEB68DBE7448BDF /* ScopeCapture */,
			);
			productName = ScopeOS;
			productReference = 55E40567E709BABAA76D964E /* ScopeOS.app */;
			productType = "com.apple.product-type.application";
		};
/* End PBXNativeTarget section */

/* Begin PBXProject section */
		D732EDB4B50C481901E7C02A /* Project object */ = {
			isa = PBXProject;
			attributes = {
				BuildIndependentTargetsInParallel = YES;
				LastUpgradeCheck = 1430;
				TargetAttributes = {
					6529BBD975E0FF3051E68513 = {
						DevelopmentTeam = TRSF93SDY9;
						ProvisioningStyle = Automatic;
					};
					67F3915DD10EAD6D2625A451 = {
						ProvisioningStyle = Automatic;
					};
					B76ABF0B1588F2AE9EBEB48A = {
						DevelopmentTeam = "";
						ProvisioningStyle = Automatic;
					};
				};
			};
			buildConfigurationList = 39B583C23AD64B0A18F9A4C8 /* Build configuration list for PBXProject "ScopeOS" */;
			developmentRegion = en;
			hasScannedForEncodings = 0;
			knownRegions = (
				Base,
				en,
			);
			mainGroup = F8B738AAC5D8E1BC4311EEE0;
			minimizedProjectReferenceProxies = 1;
			packageReferences = (
				BB501E395FDF5EAC4247286D /* XCLocalSwiftPackageReference "Packages/ScopeKit" */,
			);
			preferredProjectObjectVersion = 77;
			productRefGroup = 2AB34D06169099A1E20343B1 /* Products */;
			projectDirPath = "";
			projectRoot = "";
			targets = (
				B76ABF0B1588F2AE9EBEB48A /* ScopeOS */,
				67F3915DD10EAD6D2625A451 /* ScopeOSTests */,
				6529BBD975E0FF3051E68513 /* ScopeOS-iOS */,
			);
		};
/* End PBXProject section */

/* Begin PBXResourcesBuildPhase section */
		04412D13D0F526FE1A977369 /* Resources */ = {
			isa = PBXResourcesBuildPhase;
			buildActionMask = 2147483647;
			files = (
				B96F0695E5D3A76B76E03874 /* Assets.xcassets in Resources */,
				75FBB5354DBE0EF5D08A18B2 /* Features.plist in Resources */,
			);
			runOnlyForDeploymentPostprocessing = 0;
		};
		13DEA2EB659E49F8D614FC1E /* Resources */ = {
			isa = PBXResourcesBuildPhase;
			buildActionMask = 2147483647;
			files = (
				25C274E91104C842D0313E2C /* Assets.xcassets in Resources */,
				EE6559C66D96013134185AB4 /* Features.plist in Resources */,
			);
			runOnlyForDeploymentPostprocessing = 0;
		};
		2BFD033B414E490CCB31E393 /* Resources */ = {
			isa = PBXResourcesBuildPhase;
			buildActionMask = 2147483647;
			files = (
				415B822B602B23146AFEB5FB /* Features.plist in Resources */,
			);
			runOnlyForDeploymentPostprocessing = 0;
		};
/* End PBXResourcesBuildPhase section */

/* Begin PBXSourcesBuildPhase section */
		0D2971F4025A82AE8F51AE1F /* Sources */ = {
			isa = PBXSourcesBuildPhase;
			buildActionMask = 2147483647;
			files = (
				815E1799582207A0262A3D82 /* Assistant.swift in Sources */,
				EB8CE0DA4D292CA3AEDD331F /* BuildMode.swift in Sources */,
				C2F373CBF8A1654B2F5A556F /* CameraCard.swift in Sources */,
				F033D50282722920F60AE33A /* CameraModel.swift in Sources */,
				7133AD04279BA61B9863DAFB /* CameraPreview.swift in Sources */,
				BFB162188C24D39E8A3A601D /* Cards.swift in Sources */,
				E80A5C72788153B93474E0E2 /* ContentView.swift in Sources */,
				B5520ED81E7D82FBEE4C4673 /* FocusCard.swift in Sources */,
				B536BA3CA91BADCAA3081A16 /* InstrumentTapes.swift in Sources */,
				B3CEFB3CD2737738CBDF7EAB /* LocationModel.swift in Sources */,
				F094269050D4F17C1A59B4AA /* MonitorModel.swift in Sources */,
				C7472D8809E2035F770D3E30 /* MonitorModelTests.swift in Sources */,
				E1869C0C3F522858FE5733D7 /* NightVisionTests.swift in Sources */,
				935016CB2003D71BC6FE8EE7 /* Platform.swift in Sources */,
				AFFB6C600AAEBBC3DBFF6EC0 /* SkyMap.swift in Sources */,
				03BE31124B066018B5CCDBC3 /* SkyMapTests.swift in Sources */,
				71EC58F48DDA5757E5D07807 /* SnapshotTests.swift in Sources */,
				06A0C3B4FCEED4AA5DDEA5EC /* Theme.swift in Sources */,
				F1120607C2252B55582C80C8 /* TonightCard.swift in Sources */,
				02A079C31FC167370FADBC28 /* TonightPlanner.swift in Sources */,
				34B22E4B8730A1B548C5A21D /* TonightTests.swift in Sources */,
				510063DC6F305C432A1A8DB8 /* TrafficLogFile.swift in Sources */,
			);
			runOnlyForDeploymentPostprocessing = 0;
		};
		1A3782F3E83162599432E6E2 /* Sources */ = {
			isa = PBXSourcesBuildPhase;
			buildActionMask = 2147483647;
			files = (
				BB005BAA44376A82122033B0 /* Assistant.swift in Sources */,
				D954DF709AF3F99AB7915FD6 /* BuildMode.swift in Sources */,
				C15C39E9CB48D1C503698498 /* CameraCard.swift in Sources */,
				F3248B78130529DC2A9EE77F /* CameraModel.swift in Sources */,
				3B2CDF2D650179160C414B01 /* CameraPreview.swift in Sources */,
				918329A2A96E54F6F6D34EFF /* Cards.swift in Sources */,
				AC1A60C6F8A86D0DE26787B3 /* ContentView.swift in Sources */,
				5C7EB2FB2B223D6AC1512906 /* FocusCard.swift in Sources */,
				E43126B818E8F8C51323E69F /* InstrumentTapes.swift in Sources */,
				BE99E3D486C471F961F8FA52 /* LocationModel.swift in Sources */,
				4155614AD3B3DE4F44242BAF /* MonitorModel.swift in Sources */,
				0337B530741E4DCA55044894 /* Platform.swift in Sources */,
				A194A64DA923D47CA2F4FCC5 /* ScopeOSApp.swift in Sources */,
				E1E1DE7E50BF53AF14270790 /* SkyMap.swift in Sources */,
				3521D34C16B25F945DD0C8BB /* Theme.swift in Sources */,
				4D0425C6B0AFD82E48B0994E /* TonightCard.swift in Sources */,
				F86453C179EEBC1A41C9A080 /* TonightPlanner.swift in Sources */,
				09A4BA6FAE6842BB9A8BDE83 /* TrafficLogFile.swift in Sources */,
			);
			runOnlyForDeploymentPostprocessing = 0;
		};
		490910684D3F2486DF12EFEE /* Sources */ = {
			isa = PBXSourcesBuildPhase;
			buildActionMask = 2147483647;
			files = (
				A68DC5968ACDDDE2E00BEC68 /* Assistant.swift in Sources */,
				CC3DFDC34DF110CFFD875559 /* BuildMode.swift in Sources */,
				2E6A64B9D804D81D84B036AE /* CameraCard.swift in Sources */,
				95230455AC492CE27B412330 /* CameraModel.swift in Sources */,
				BADE7E0C182821724674EE67 /* CameraPreview.swift in Sources */,
				346ACD6AE50D13CBCEDB8AF7 /* Cards.swift in Sources */,
				2606C0F261832E173B512903 /* ContentView.swift in Sources */,
				EC3B2B56AB1EA64821790A04 /* FocusCard.swift in Sources */,
				C5996A2BDBCD93F2E4BBD684 /* InstrumentTapes.swift in Sources */,
				3CE6A262AAE94A576AE087D7 /* LocationModel.swift in Sources */,
				1097F61BAD7590B6D92925E8 /* MonitorModel.swift in Sources */,
				9640712D83EC1FE22C4551F1 /* Platform.swift in Sources */,
				58645CC47A6A92580D3C8830 /* ScopeOSApp.swift in Sources */,
				94E506EF9C3F113114D31F85 /* SkyMap.swift in Sources */,
				8976FEF224F1AA67988188AC /* Theme.swift in Sources */,
				65376CD1BECED1EB719CF7D4 /* TonightCard.swift in Sources */,
				88E7A8D3C99879713D7713EC /* TonightPlanner.swift in Sources */,
				DBB37730E366F25A30619F57 /* TrafficLogFile.swift in Sources */,
			);
			runOnlyForDeploymentPostprocessing = 0;
		};
/* End PBXSourcesBuildPhase section */

/* Begin XCBuildConfiguration section */
		0B6B3806DA334FFD4E9BFF11 /* Release */ = {
			isa = XCBuildConfiguration;
			buildSettings = {
				ALWAYS_SEARCH_USER_PATHS = NO;
				CLANG_ANALYZER_NONNULL = YES;
				CLANG_ANALYZER_NUMBER_OBJECT_CONVERSION = YES_AGGRESSIVE;
				CLANG_CXX_LANGUAGE_STANDARD = "gnu++14";
				CLANG_CXX_LIBRARY = "libc++";
				CLANG_ENABLE_MODULES = YES;
				CLANG_ENABLE_OBJC_ARC = YES;
				CLANG_ENABLE_OBJC_WEAK = YES;
				CLANG_WARN_BLOCK_CAPTURE_AUTORELEASING = YES;
				CLANG_WARN_BOOL_CONVERSION = YES;
				CLANG_WARN_COMMA = YES;
				CLANG_WARN_CONSTANT_CONVERSION = YES;
				CLANG_WARN_DEPRECATED_OBJC_IMPLEMENTATIONS = YES;
				CLANG_WARN_DIRECT_OBJC_ISA_USAGE = YES_ERROR;
				CLANG_WARN_DOCUMENTATION_COMMENTS = YES;
				CLANG_WARN_EMPTY_BODY = YES;
				CLANG_WARN_ENUM_CONVERSION = YES;
				CLANG_WARN_INFINITE_RECURSION = YES;
				CLANG_WARN_INT_CONVERSION = YES;
				CLANG_WARN_NON_LITERAL_NULL_CONVERSION = YES;
				CLANG_WARN_OBJC_IMPLICIT_RETAIN_SELF = YES;
				CLANG_WARN_OBJC_LITERAL_CONVERSION = YES;
				CLANG_WARN_OBJC_ROOT_CLASS = YES_ERROR;
				CLANG_WARN_QUOTED_INCLUDE_IN_FRAMEWORK_HEADER = YES;
				CLANG_WARN_RANGE_LOOP_ANALYSIS = YES;
				CLANG_WARN_STRICT_PROTOTYPES = YES;
				CLANG_WARN_SUSPICIOUS_MOVE = YES;
				CLANG_WARN_UNGUARDED_AVAILABILITY = YES_AGGRESSIVE;
				CLANG_WARN_UNREACHABLE_CODE = YES;
				CLANG_WARN__DUPLICATE_METHOD_MATCH = YES;
				COPY_PHASE_STRIP = NO;
				DEBUG_INFORMATION_FORMAT = "dwarf-with-dsym";
				ENABLE_NS_ASSERTIONS = NO;
				ENABLE_STRICT_OBJC_MSGSEND = YES;
				GCC_C_LANGUAGE_STANDARD = gnu11;
				GCC_NO_COMMON_BLOCKS = YES;
				GCC_WARN_64_TO_32_BIT_CONVERSION = YES;
				GCC_WARN_ABOUT_RETURN_TYPE = YES_ERROR;
				GCC_WARN_UNDECLARED_SELECTOR = YES;
				GCC_WARN_UNINITIALIZED_AUTOS = YES_AGGRESSIVE;
				GCC_WARN_UNUSED_FUNCTION = YES;
				GCC_WARN_UNUSED_VARIABLE = YES;
				IPHONEOS_DEPLOYMENT_TARGET = 26.0;
				MACOSX_DEPLOYMENT_TARGET = 15.0;
				MTL_ENABLE_DEBUG_INFO = NO;
				MTL_FAST_MATH = YES;
				PRODUCT_NAME = "$(TARGET_NAME)";
				SWIFT_COMPILATION_MODE = wholemodule;
				SWIFT_OPTIMIZATION_LEVEL = "-O";
				SWIFT_VERSION = 5.0;
			};
			name = Release;
		};
		14D4EF9273BD1814CC4BDD75 /* Debug */ = {
			isa = XCBuildConfiguration;
			buildSettings = {
				BUNDLE_LOADER = "$(TEST_HOST)";
				CODE_SIGN_IDENTITY = "-";
				CODE_SIGN_STYLE = Automatic;
				COMBINE_HIDPI_IMAGES = YES;
				GENERATE_INFOPLIST_FILE = YES;
				INFOPLIST_FILE = App/iOS/Info.plist;
				LD_RUNPATH_SEARCH_PATHS = (
					"$(inherited)",
					"@executable_path/../Frameworks",
					"@loader_path/../Frameworks",
				);
				PRODUCT_BUNDLE_IDENTIFIER = com.jdot.ScopeOSTests;
				SDKROOT = macosx;
				SWIFT_VERSION = 6.0;
			};
			name = Debug;
		};
		32FE9261CB09E8E04296D4B7 /* Release */ = {
			isa = XCBuildConfiguration;
			buildSettings = {
				ASSETCATALOG_COMPILER_APPICON_NAME = AppIcon;
				CODE_SIGN_ENTITLEMENTS = App/ScopeOS.entitlements;
				CODE_SIGN_IDENTITY = "-";
				CODE_SIGN_STYLE = Automatic;
				COMBINE_HIDPI_IMAGES = YES;
				CURRENT_PROJECT_VERSION = 1;
				DEVELOPMENT_TEAM = "";
				ENABLE_APP_SANDBOX = NO;
				ENABLE_HARDENED_RUNTIME = YES;
				INFOPLIST_FILE = App/Info.plist;
				LD_RUNPATH_SEARCH_PATHS = (
					"$(inherited)",
					"@executable_path/../Frameworks",
				);
				MARKETING_VERSION = 0.1.0;
				OTHER_LDFLAGS = "$(inherited) -weak_framework FoundationModels";
				PRODUCT_BUNDLE_IDENTIFIER = com.jdot.ScopeOS;
				PRODUCT_NAME = scopeOS;
				SDKROOT = macosx;
				SWIFT_VERSION = 6.0;
			};
			name = Release;
		};
		4AA395CC8609864F425788AF /* Release */ = {
			isa = XCBuildConfiguration;
			buildSettings = {
				BUNDLE_LOADER = "$(TEST_HOST)";
				CODE_SIGN_IDENTITY = "-";
				CODE_SIGN_STYLE = Automatic;
				COMBINE_HIDPI_IMAGES = YES;
				GENERATE_INFOPLIST_FILE = YES;
				INFOPLIST_FILE = App/iOS/Info.plist;
				LD_RUNPATH_SEARCH_PATHS = (
					"$(inherited)",
					"@executable_path/../Frameworks",
					"@loader_path/../Frameworks",
				);
				PRODUCT_BUNDLE_IDENTIFIER = com.jdot.ScopeOSTests;
				SDKROOT = macosx;
				SWIFT_VERSION = 6.0;
			};
			name = Release;
		};
		57AD6BBEA7C5B597558C1237 /* Debug */ = {
			isa = XCBuildConfiguration;
			buildSettings = {
				ASSETCATALOG_COMPILER_APPICON_NAME = AppIcon;
				CODE_SIGN_ENTITLEMENTS = App/ScopeOS.entitlements;
				CODE_SIGN_IDENTITY = "-";
				CODE_SIGN_STYLE = Automatic;
				COMBINE_HIDPI_IMAGES = YES;
				CURRENT_PROJECT_VERSION = 1;
				DEVELOPMENT_TEAM = "";
				ENABLE_APP_SANDBOX = NO;
				ENABLE_HARDENED_RUNTIME = YES;
				INFOPLIST_FILE = App/Info.plist;
				LD_RUNPATH_SEARCH_PATHS = (
					"$(inherited)",
					"@executable_path/../Frameworks",
				);
				MARKETING_VERSION = 0.1.0;
				OTHER_LDFLAGS = "$(inherited) -weak_framework FoundationModels";
				PRODUCT_BUNDLE_IDENTIFIER = com.jdot.ScopeOS;
				PRODUCT_NAME = scopeOS;
				SDKROOT = macosx;
				SWIFT_VERSION = 6.0;
			};
			name = Debug;
		};
		67072D8D282654319302E245 /* Release */ = {
			isa = XCBuildConfiguration;
			buildSettings = {
				ASSETCATALOG_COMPILER_APPICON_NAME = AppIcon;
				CODE_SIGN_IDENTITY = "iPhone Developer";
				CODE_SIGN_STYLE = Automatic;
				CURRENT_PROJECT_VERSION = 1;
				DEVELOPMENT_TEAM = TRSF93SDY9;
				INFOPLIST_FILE = App/iOS/Info.plist;
				LD_RUNPATH_SEARCH_PATHS = (
					"$(inherited)",
					"@executable_path/Frameworks",
				);
				MARKETING_VERSION = 0.1.0;
				PRODUCT_BUNDLE_IDENTIFIER = com.jdot.ScopeOS;
				PRODUCT_NAME = scopeOS;
				SDKROOT = iphoneos;
				SWIFT_VERSION = 6.0;
				TARGETED_DEVICE_FAMILY = "1,2";
			};
			name = Release;
		};
		8AD3B080BD4EF87EEDF27277 /* Debug */ = {
			isa = XCBuildConfiguration;
			buildSettings = {
				ASSETCATALOG_COMPILER_APPICON_NAME = AppIcon;
				CODE_SIGN_IDENTITY = "iPhone Developer";
				CODE_SIGN_STYLE = Automatic;
				CURRENT_PROJECT_VERSION = 1;
				DEVELOPMENT_TEAM = TRSF93SDY9;
				INFOPLIST_FILE = App/iOS/Info.plist;
				LD_RUNPATH_SEARCH_PATHS = (
					"$(inherited)",
					"@executable_path/Frameworks",
				);
				MARKETING_VERSION = 0.1.0;
				PRODUCT_BUNDLE_IDENTIFIER = com.jdot.ScopeOS;
				PRODUCT_NAME = scopeOS;
				SDKROOT = iphoneos;
				SWIFT_VERSION = 6.0;
				TARGETED_DEVICE_FAMILY = "1,2";
			};
			name = Debug;
		};
		C97F0750C8FC7A7C886F38FF /* Debug */ = {
			isa = XCBuildConfiguration;
			buildSettings = {
				ALWAYS_SEARCH_USER_PATHS = NO;
				CLANG_ANALYZER_NONNULL = YES;
				CLANG_ANALYZER_NUMBER_OBJECT_CONVERSION = YES_AGGRESSIVE;
				CLANG_CXX_LANGUAGE_STANDARD = "gnu++14";
				CLANG_CXX_LIBRARY = "libc++";
				CLANG_ENABLE_MODULES = YES;
				CLANG_ENABLE_OBJC_ARC = YES;
				CLANG_ENABLE_OBJC_WEAK = YES;
				CLANG_WARN_BLOCK_CAPTURE_AUTORELEASING = YES;
				CLANG_WARN_BOOL_CONVERSION = YES;
				CLANG_WARN_COMMA = YES;
				CLANG_WARN_CONSTANT_CONVERSION = YES;
				CLANG_WARN_DEPRECATED_OBJC_IMPLEMENTATIONS = YES;
				CLANG_WARN_DIRECT_OBJC_ISA_USAGE = YES_ERROR;
				CLANG_WARN_DOCUMENTATION_COMMENTS = YES;
				CLANG_WARN_EMPTY_BODY = YES;
				CLANG_WARN_ENUM_CONVERSION = YES;
				CLANG_WARN_INFINITE_RECURSION = YES;
				CLANG_WARN_INT_CONVERSION = YES;
				CLANG_WARN_NON_LITERAL_NULL_CONVERSION = YES;
				CLANG_WARN_OBJC_IMPLICIT_RETAIN_SELF = YES;
				CLANG_WARN_OBJC_LITERAL_CONVERSION = YES;
				CLANG_WARN_OBJC_ROOT_CLASS = YES_ERROR;
				CLANG_WARN_QUOTED_INCLUDE_IN_FRAMEWORK_HEADER = YES;
				CLANG_WARN_RANGE_LOOP_ANALYSIS = YES;
				CLANG_WARN_STRICT_PROTOTYPES = YES;
				CLANG_WARN_SUSPICIOUS_MOVE = YES;
				CLANG_WARN_UNGUARDED_AVAILABILITY = YES_AGGRESSIVE;
				CLANG_WARN_UNREACHABLE_CODE = YES;
				CLANG_WARN__DUPLICATE_METHOD_MATCH = YES;
				COPY_PHASE_STRIP = NO;
				DEBUG_INFORMATION_FORMAT = dwarf;
				ENABLE_STRICT_OBJC_MSGSEND = YES;
				ENABLE_TESTABILITY = YES;
				GCC_C_LANGUAGE_STANDARD = gnu11;
				GCC_DYNAMIC_NO_PIC = NO;
				GCC_NO_COMMON_BLOCKS = YES;
				GCC_OPTIMIZATION_LEVEL = 0;
				GCC_PREPROCESSOR_DEFINITIONS = (
					"$(inherited)",
					"DEBUG=1",
				);
				GCC_WARN_64_TO_32_BIT_CONVERSION = YES;
				GCC_WARN_ABOUT_RETURN_TYPE = YES_ERROR;
				GCC_WARN_UNDECLARED_SELECTOR = YES;
				GCC_WARN_UNINITIALIZED_AUTOS = YES_AGGRESSIVE;
				GCC_WARN_UNUSED_FUNCTION = YES;
				GCC_WARN_UNUSED_VARIABLE = YES;
				IPHONEOS_DEPLOYMENT_TARGET = 26.0;
				MACOSX_DEPLOYMENT_TARGET = 15.0;
				MTL_ENABLE_DEBUG_INFO = INCLUDE_SOURCE;
				MTL_FAST_MATH = YES;
				ONLY_ACTIVE_ARCH = YES;
				PRODUCT_NAME = "$(TARGET_NAME)";
				SWIFT_ACTIVE_COMPILATION_CONDITIONS = DEBUG;
				SWIFT_OPTIMIZATION_LEVEL = "-Onone";
				SWIFT_VERSION = 5.0;
			};
			name = Debug;
		};
/* End XCBuildConfiguration section */

/* Begin XCConfigurationList section */
		39B583C23AD64B0A18F9A4C8 /* Build configuration list for PBXProject "ScopeOS" */ = {
			isa = XCConfigurationList;
			buildConfigurations = (
				C97F0750C8FC7A7C886F38FF /* Debug */,
				0B6B3806DA334FFD4E9BFF11 /* Release */,
			);
			defaultConfigurationIsVisible = 0;
			defaultConfigurationName = Debug;
		};
		3CC9C52FD5AD619819E4F028 /* Build configuration list for PBXNativeTarget "ScopeOSTests" */ = {
			isa = XCConfigurationList;
			buildConfigurations = (
				14D4EF9273BD1814CC4BDD75 /* Debug */,
				4AA395CC8609864F425788AF /* Release */,
			);
			defaultConfigurationIsVisible = 0;
			defaultConfigurationName = Debug;
		};
		7BD88F997BC88EF1EF63DD0B /* Build configuration list for PBXNativeTarget "ScopeOS" */ = {
			isa = XCConfigurationList;
			buildConfigurations = (
				57AD6BBEA7C5B597558C1237 /* Debug */,
				32FE9261CB09E8E04296D4B7 /* Release */,
			);
			defaultConfigurationIsVisible = 0;
			defaultConfigurationName = Debug;
		};
		85A8CF407D31D670456030E9 /* Build configuration list for PBXNativeTarget "ScopeOS-iOS" */ = {
			isa = XCConfigurationList;
			buildConfigurations = (
				8AD3B080BD4EF87EEDF27277 /* Debug */,
				67072D8D282654319302E245 /* Release */,
			);
			defaultConfigurationIsVisible = 0;
			defaultConfigurationName = Debug;
		};
/* End XCConfigurationList section */

/* Begin XCLocalSwiftPackageReference section */
		BB501E395FDF5EAC4247286D /* XCLocalSwiftPackageReference "Packages/ScopeKit" */ = {
			isa = XCLocalSwiftPackageReference;
			relativePath = Packages/ScopeKit;
		};
/* End XCLocalSwiftPackageReference section */

/* Begin XCSwiftPackageProductDependency section */
		26829DCCC075BB4539AB4DD8 /* ScopeCapture */ = {
			isa = XCSwiftPackageProductDependency;
			productName = ScopeCapture;
		};
		3196804302A09DD9BA01E8B7 /* ScopeKit */ = {
			isa = XCSwiftPackageProductDependency;
			productName = ScopeKit;
		};
		40C9FE93024BC8A50F5A1BC8 /* NexStarSimulator */ = {
			isa = XCSwiftPackageProductDependency;
			productName = NexStarSimulator;
		};
		677F48065488F4B191BF711C /* ScopeKit */ = {
			isa = XCSwiftPackageProductDependency;
			productName = ScopeKit;
		};
		8FFBED25AE447DA70771E4E2 /* NexStarSimulator */ = {
			isa = XCSwiftPackageProductDependency;
			productName = NexStarSimulator;
		};
		95FA58D34CACD67AE9785126 /* ScopeKit */ = {
			isa = XCSwiftPackageProductDependency;
			productName = ScopeKit;
		};
		C0E76250125FBBE8DAAA0071 /* ScopeCapture */ = {
			isa = XCSwiftPackageProductDependency;
			productName = ScopeCapture;
		};
		D19B85455CEB68DBE7448BDF /* ScopeCapture */ = {
			isa = XCSwiftPackageProductDependency;
			productName = ScopeCapture;
		};
		F0538FD6028C79E94B235CDB /* NexStarSimulator */ = {
			isa = XCSwiftPackageProductDependency;
			productName = NexStarSimulator;
		};
/* End XCSwiftPackageProductDependency section */
	};
	rootObject = D732EDB4B50C481901E7C02A /* Project object */;
}
